
Microsoft Visual Studio Solution File, Format Version 12.00
# Visual Studio Version 17
VisualStudioVersion = 17.5.33516.290
MinimumVisualStudioVersion = 10.0.40219.1
Project("{FAE04EC0-301F-11D3-BF4B-00C04F79EFBC}") = "MyUsuario", "MyUsuario\MyUsuario.csproj", "{A57B2D3C-4831-4921-BFC5-43E708A526FC}"
EndProject
Global
	GlobalSection(SolutionConfigurationPlatforms) = preSolution
		Debug|Any CPU = Debug|Any CPU
		Release|Any CPU = Release|Any CPU
	EndGlobalSection
	GlobalSection(ProjectConfigurationPlatforms) = postSolution
		{A57B2D3C-4831-4921-BFC5-43E708A526FC}.Debug|Any CPU.ActiveCfg = Debug|Any CPU
		{A57B2D3C-4831-4921-BFC5-43E708A526FC}.Debug|Any CPU.Build.0 = Debug|Any CPU
		{A57B2D3C-4831-4921-BFC5-43E708A526FC}.Release|Any CPU.ActiveCfg = Release|Any CPU
		{A57B2D3C-4831-4921-BFC5-43E708A526FC}.Release|Any CPU.Build.0 = Release|Any CPU
	EndGlobalSection
	GlobalSection(SolutionProperties) = preSolution
		HideSolutionNode = FALSE
	EndGlobalSection
	GlobalSection(ExtensibilityGlobals) = postSolution
		SolutionGuid = {2FC40E58-A22B-4FFA-ABDE-CD5F02519C14}
	EndGlobalSection
EndGlobal
